# THIS IS AN AUTOGENERATED FILE. DO NOT EDIT THIS FILE DIRECTLY.
# yarn lockfile v1


ccxt@^1.85.69:
  version "1.85.69"
  resolved "http://npm.perfma-inc.com:80/ccxt/-/ccxt-1.85.69.tgz#22ac276d043c69ce2caf5700730e13fa4f40b5c1"
  integrity sha512-siIIZFb2ctiKam0JRcNdjXtEIHOoLsICY9tI8XgnzseldNf+YrxAFFjAZg+AndzXGUYln2Ym71jJ0aQQyCWsBg==
